// !$*UTF8*$!
{
	archiveVersion = 1;
	classes = {
	};
	objectVersion = 46;
	objects = {

/* Begin PBXBuildFile section */
		5B3B29C71B93B08200059F71 /* main.m in Sources */ = {isa = PBXBuildFile; fileRef = 5B3B29C61B93B08200059F71 /* main.m */; };
		5B3B29CA1B93B08200059F71 /* AppDelegate.m in Sources */ = {isa = PBXBuildFile; fileRef = 5B3B29C91B93B08200059F71 /* AppDelegate.m */; };
		5B3B29CD1B93B08200059F71 /* FirstViewController.m in Sources */ = {isa = PBXBuildFile; fileRef = 5B3B29CC1B93B08200059F71 /* FirstViewController.m */; };
		5B3B29D01B93B08200059F71 /* SecondViewController.m in Sources */ = {isa = PBXBuildFile; fileRef = 5B3B29CF1B93B08200059F71 /* SecondViewController.m */; };
		5B3B29D31B93B08200059F71 /* Main.storyboard in Resources */ = {isa = PBXBuildFile; fileRef = 5B3B29D11B93B08200059F71 /* Main.storyboard */; };
		5B3B29D51B93B08200059F71 /* Assets.xcassets in Resources */ = {isa = PBXBuildFile; fileRef = 5B3B29D41B93B08200059F71 /* Assets.xcassets */; };
		5B3B29D81B93B08200059F71 /* LaunchScreen.storyboard in Resources */ = {isa = PBXBuildFile; fileRef = 5B3B29D61B93B08200059F71 /* LaunchScreen.storyboard */; };
		5B3B29E31B93B08200059F71 /* CorecVoterTests.m in Sources */ = {isa = PBXBuildFile; fileRef = 5B3B29E21B93B08200059F71 /* CorecVoterTests.m */; };
		5B3B29EE1B93B08200059F71 /* CorecVoterUITests.m in Sources */ = {isa = PBXBuildFile; fileRef = 5B3B29ED1B93B08200059F71 /* CorecVoterUITests.m */; };
/* End PBXBuildFile section */

/* Begin PBXContainerItemProxy section */
		5B3B29DF1B93B08200059F71 /* PBXContainerItemProxy */ = {
			isa = PBXContainerItemProxy;
			containerPortal = 5B3B29BA1B93B08200059F71 /* Project object */;
			proxyType = 1;
			remoteGlobalIDString = 5B3B29C11B93B08200059F71;
			remoteInfo = CorecVoter;
		};
		5B3B29EA1B93B08200059F71 /* PBXContainerItemProxy */ = {
			isa = PBXContainerItemProxy;
			containerPortal = 5B3B29BA1B93B08200059F71 /* Project object */;
			proxyType = 1;
			remoteGlobalIDString = 5B3B29C11B93B08200059F71;
			remoteInfo = CorecVoter;
		};
/* End PBXContainerItemProxy section */

/* Begin PBXFileReference section */
		5B3B29C21B93B08200059F71 /* CorecVoter.app */ = {isa = PBXFileReference; explicitFileType = wrapper.application; includeInIndex = 0; path = CorecVoter.app; sourceTree = BUILT_PRODUCTS_DIR; };
		5B3B29C61B93B08200059F71 /* main.m */ = {isa = PBXFileReference; lastKnownFileType = sourcecode.c.objc; path = main.m; sourceTree = "<group>"; };
		5B3B29C81B93B08200059F71 /* AppDelegate.h */ = {isa = PBXFileReference; lastKnownFileType = sourcecode.c.h; path = AppDelegate.h; sourceTree = "<group>"; };
		5B3B29C91B93B08200059F71 /* AppDelegate.m */ = {isa = PBXFileReference; lastKnownFileType = sourcecode.c.objc; path = AppDelegate.m; sourceTree = "<group>"; };
		5B3B29CB1B93B08200059F71 /* FirstViewController.h */ = {isa = PBXFileReference; lastKnownFileType = sourcecode.c.h; path = FirstViewController.h; sourceTree = "<group>"; };
		5B3B29CC1B93B08200059F71 /* FirstViewController.m */ = {isa = PBXFileReference; lastKnownFileType = sourcecode.c.objc; path = FirstViewController.m; sourceTree = "<group>"; };
		5B3B29CE1B93B08200059F71 /* SecondViewController.h */ = {isa = PBXFileReference; lastKnownFileType = sourcecode.c.h; path = SecondViewController.h; sourceTree = "<group>"; };
		5B3B29CF1B93B08200059F71 /* SecondViewController.m */ = {isa = PBXFileReference; lastKnownFileType = sourcecode.c.objc; path = SecondViewController.m; sourceTree = "<group>"; };
		5B3B29D21B93B08200059F71 /* Base */ = {isa = PBXFileReference; lastKnownFileType = file.storyboard; name = Base; path = Base.lproj/Main.storyboard; sourceTree = "<group>"; };
		5B3B29D41B93B08200059F71 /* Assets.xcassets */ = {isa = PBXFileReference; lastKnownFileType = folder.assetcatalog; path = Assets.xcassets; sourceTree = "<group>"; };
		5B3B29D71B93B08200059F71 /* Base */ = {isa = PBXFileReference; lastKnownFileType = file.storyboard; name = Base; path = Base.lproj/LaunchScreen.storyboard; sourceTree = "<group>"; };
		5B3B29D91B93B08200059F71 /* Info.plist */ = {isa = PBXFileReference; lastKnownFileType = text.plist.xml; path = Info.plist; sourceTree = "<group>"; };
		5B3B29DE1B93B08200059F71 /* CorecVoterTests.xctest */ = {isa = PBXFileReference; explicitFileType = wrapper.cfbundle; includeInIndex = 0; path = CorecVoterTests.xctest; sourceTree = BUILT_PRODUCTS_DIR; };
		5B3B29E21B93B08200059F71 /* CorecVoterTests.m */ = {isa = PBXFileReference; lastKnownFileType = sourcecode.c.objc; path = CorecVoterTests.m; sourceTree = "<group>"; };
		5B3B29E41B93B08200059F71 /* Info.plist */ = {isa = PBXFileReference; lastKnownFileType = text.plist.xml; path = Info.plist; sourceTree = "<group>"; };
		5B3B29E91B93B08200059F71 /* CorecVoterUITests.xctest */ = {isa = PBXFileReference; explicitFileType = wrapper.cfbundle; includeInIndex = 0; path = CorecVoterUITests.xctest; sourceTree = BUILT_PRODUCTS_DIR; };
		5B3B29ED1B93B08200059F71 /* CorecVoterUITests.m */ = {isa = PBXFileReference; lastKnownFileType = sourcecode.c.objc; path = CorecVoterUITests.m; sourceTree = "<group>"; };
		5B3B29EF1B93B08200059F71 /* Info.plist */ = {isa = PBXFileReference; lastKnownFileType = text.plist.xml; path = Info.plist; sourceTree = "<group>"; };
/* End PBXFileReference section */

/* Begin PBXFrameworksBuildPhase section */
		5B3B29BF1B93B08200059F71 /* Frameworks */ = {
			isa = PBXFrameworksBuildPhase;
			buildActionMask = 2147483647;
			files = (
			);
			runOnlyForDeploymentPostprocessing = 0;
		};
		5B3B29DB1B93B08200059F71 /* Frameworks */ = {
			isa = PBXFrameworksBuildPhase;
			buildActionMask = 2147483647;
			files = (
			);
			runOnlyForDeploymentPostprocessing = 0;
		};
		5B3B29E61B93B08200059F71 /* Frameworks */ = {
			isa = PBXFrameworksBuildPhase;
			buildActionMask = 2147483647;
			files = (
			);
			runOnlyForDeploymentPostprocessing = 0;
		};
/* End PBXFrameworksBuildPhase section */

/* Begin PBXGroup section */
		5B3B29B91B93B08200059F71 = {
			isa = PBXGroup;
			children = (
				5B3B29C41B93B08200059F71 /* CorecVoter */,
				5B3B29E11B93B08200059F71 /* CorecVoterTests */,
				5B3B29EC1B93B08200059F71 /* CorecVoterUITests */,
				5B3B29C31B93B08200059F71 /* Products */,
			);
			sourceTree = "<group>";
		};
		5B3B29C31B93B08200059F71 /* Products */ = {
			isa = PBXGroup;
			children = (
				5B3B29C21B93B08200059F71 /* CorecVoter.app */,
				5B3B29DE1B93B08200059F71 /* CorecVoterTests.xctest */,
				5B3B29E91B93B08200059F71 /* CorecVoterUITests.xctest */,
			);
			name = Products;
			sourceTree = "<group>";
		};
		5B3B29C41B93B08200059F71 /* CorecVoter */ = {
			isa = PBXGroup;
			children = (
				5B3B29C81B93B08200059F71 /* AppDelegate.h */,
				5B3B29C91B93B08200059F71 /* AppDelegate.m */,
				5B3B29CB1B93B08200059F71 /* FirstViewController.h */,
				5B3B29CC1B93B08200059F71 /* FirstViewController.m */,
				5B3B29CE1B93B08200059F71 /* SecondViewController.h */,
				5B3B29CF1B93B08200059F71 /* SecondViewController.m */,
				5B3B29D11B93B08200059F71 /* Main.storyboard */,
				5B3B29D41B93B08200059F71 /* Assets.xcassets */,
				5B3B29D61B93B08200059F71 /* LaunchScreen.storyboard */,
				5B3B29D91B93B08200059F71 /* Info.plist */,
				5B3B29C51B93B08200059F71 /* Supporting Files */,
			);
			path = CorecVoter;
			sourceTree = "<group>";
		};
		5B3B29C51B93B08200059F71 /* Supporting Files */ = {
			isa = PBXGroup;
			children = (
				5B3B29C61B93B08200059F71 /* main.m */,
			);
			name = "Supporting Files";
			sourceTree = "<group>";
		};
		5B3B29E11B93B08200059F71 /* CorecVoterTests */ = {
			isa = PBXGroup;
			children = (
				5B3B29E21B93B08200059F71 /* CorecVoterTests.m */,
				5B3B29E41B93B08200059F71 /* Info.plist */,
			);
			path = CorecVoterTests;
			sourceTree = "<group>";
		};
		5B3B29EC1B93B08200059F71 /* CorecVoterUITests */ = {
			isa = PBXGroup;
			children = (
				5B3B29ED1B93B08200059F71 /* CorecVoterUITests.m */,
				5B3B29EF1B93B08200059F71 /* Info.plist */,
			);
			path = CorecVoterUITests;
			sourceTree = "<group>";
		};
/* End PBXGroup section */

/* Begin PBXNativeTarget section */
		5B3B29C11B93B08200059F71 /* CorecVoter */ = {
			isa = PBXNativeTarget;
			buildConfigurationList = 5B3B29F21B93B08200059F71 /* Build configuration list for PBXNativeTarget "CorecVoter" */;
			buildPhases = (
				5B3B29BE1B93B08200059F71 /* Sources */,
				5B3B29BF1B93B08200059F71 /* Frameworks */,
				5B3B29C01B93B08200059F71 /* Resources */,
			);
			buildRules = (
			);
			dependencies = (
			);
			name = CorecVoter;
			productName = CorecVoter;
			productReference = 5B3B29C21B93B08200059F71 /* CorecVoter.app */;
			productType = "com.apple.product-type.application";
		};
		5B3B29DD1B93B08200059F71 /* CorecVoterTests */ = {
			isa = PBXNativeTarget;
			buildConfigurationList = 5B3B29F51B93B08200059F71 /* Build configuration list for PBXNativeTarget "CorecVoterTests" */;
			buildPhases = (
				5B3B29DA1B93B08200059F71 /* Sources */,
				5B3B29DB1B93B08200059F71 /* Frameworks */,
				5B3B29DC1B93B08200059F71 /* Resources */,
			);
			buildRules = (
			);
			dependencies = (
				5B3B29E01B93B08200059F71 /* PBXTargetDependency */,
			);
			name = CorecVoterTests;
			productName = CorecVoterTests;
			productReference = 5B3B29DE1B93B08200059F71 /* CorecVoterTests.xctest */;
			productType = "com.apple.product-type.bundle.unit-test";
		};
		5B3B29E81B93B08200059F71 /* CorecVoterUITests */ = {
			isa = PBXNativeTarget;
			buildConfigurationList = 5B3B29F81B93B08200059F71 /* Build configuration list for PBXNativeTarget "CorecVoterUITests" */;
			buildPhases = (
				5B3B29E51B93B08200059F71 /* Sources */,
				5B3B29E61B93B08200059F71 /* Frameworks */,
				5B3B29E71B93B08200059F71 /* Resources */,
			);
			buildRules = (
			);
			dependencies = (
				5B3B29EB1B93B08200059F71 /* PBXTargetDependency */,
			);
			name = CorecVoterUITests;
			productName = CorecVoterUITests;
			productReference = 5B3B29E91B93B08200059F71 /* CorecVoterUITests.xctest */;
			productType = "com.apple.product-type.bundle.ui-testing";
		};
/* End PBXNativeTarget section */

/* Begin PBXProject section */
		5B3B29BA1B93B08200059F71 /* Project object */ = {
			isa = PBXProject;
			attributes = {
				LastUpgradeCheck = 0700;
				ORGANIZATIONNAME = CS307;
				TargetAttributes = {
					5B3B29C11B93B08200059F71 = {
						CreatedOnToolsVersion = 7.0;
					};
					5B3B29DD1B93B08200059F71 = {
						CreatedOnToolsVersion = 7.0;
						TestTargetID = 5B3B29C11B93B08200059F71;
					};
					5B3B29E81B93B08200059F71 = {
						CreatedOnToolsVersion = 7.0;
						TestTargetID = 5B3B29C11B93B08200059F71;
					};
				};
			};
			buildConfigurationList = 5B3B29BD1B93B08200059F71 /* Build configuration list for PBXProject "CorecVoter" */;
			compatibilityVersion = "Xcode 3.2";
			developmentRegion = English;
			hasScannedForEncodings = 0;
			knownRegions = (
				en,
				Base,
			);
			mainGroup = 5B3B29B91B93B08200059F71;
			productRefGroup = 5B3B29C31B93B08200059F71 /* Products */;
			projectDirPath = "";
			projectRoot = "";
			targets = (
				5B3B29C11B93B08200059F71 /* CorecVoter */,
				5B3B29DD1B93B08200059F71 /* CorecVoterTests */,
				5B3B29E81B93B08200059F71 /* CorecVoterUITests */,
			);
		};
/* End PBXProject section */

/* Begin PBXResourcesBuildPhase section */
		5B3B29C01B93B08200059F71 /* Resources */ = {
			isa = PBXResourcesBuildPhase;
			buildActionMask = 2147483647;
			files = (
				5B3B29D81B93B08200059F71 /* LaunchScreen.storyboard in Resources */,
				5B3B29D51B93B08200059F71 /* Assets.xcassets in Resources */,
				5B3B29D31B93B08200059F71 /* Main.storyboard in Resources */,
			);
			runOnlyForDeploymentPostprocessing = 0;
		};
		5B3B29DC1B93B08200059F71 /* Resources */ = {
			isa = PBXResourcesBuildPhase;
			buildActionMask = 2147483647;
			files = (
			);
			runOnlyForDeploymentPostprocessing = 0;
		};
		5B3B29E71B93B08200059F71 /* Resources */ = {
			isa = PBXResourcesBuildPhase;
			buildActionMask = 2147483647;
			files = (
			);
			runOnlyForDeploymentPostprocessing = 0;
		};
/* End PBXResourcesBuildPhase section */

/* Begin PBXSourcesBuildPhase section */
		5B3B29BE1B93B08200059F71 /* Sources */ = {
			isa = PBXSourcesBuildPhase;
			buildActionMask = 2147483647;
			files = (
				5B3B29D01B93B08200059F71 /* SecondViewController.m in Sources */,
				5B3B29CA1B93B08200059F71 /* AppDelegate.m in Sources */,
				5B3B29CD1B93B08200059F71 /* FirstViewController.m in Sources */,
				5B3B29C71B93B08200059F71 /* main.m in Sources */,
			);
			runOnlyForDeploymentPostprocessing = 0;
		};
		5B3B29DA1B93B08200059F71 /* Sources */ = {
			isa = PBXSourcesBuildPhase;
			buildActionMask = 2147483647;
			files = (
				5B3B29E31B93B08200059F71 /* CorecVoterTests.m in Sources */,
			);
			runOnlyForDeploymentPostprocessing = 0;
		};
		5B3B29E51B93B08200059F71 /* Sources */ = {
			isa = PBXSourcesBuildPhase;
			buildActionMask = 2147483647;
			files = (
				5B3B29EE1B93B08200059F71 /* CorecVoterUITests.m in Sources */,
			);
			runOnlyForDeploymentPostprocessing = 0;
		};
/* End PBXSourcesBuildPhase section */

/* Begin PBXTargetDependency section */
		5B3B29E01B93B08200059F71 /* PBXTargetDependency */ = {
			isa = PBXTargetDependency;
			target = 5B3B29C11B93B08200059F71 /* CorecVoter */;
			targetProxy = 5B3B29DF1B93B08200059F71 /* PBXContainerItemProxy */;
		};
		5B3B29EB1B93B08200059F71 /* PBXTargetDependency */ = {
			isa = PBXTargetDependency;
			target = 5B3B29C11B93B08200059F71 /* CorecVoter */;
			targetProxy = 5B3B29EA1B93B08200059F71 /* PBXContainerItemProxy */;
		};
/* End PBXTargetDependency section */

/* Begin PBXVariantGroup section */
		5B3B29D11B93B08200059F71 /* Main.storyboard */ = {
			isa = PBXVariantGroup;
			children = (
				5B3B29D21B93B08200059F71 /* Base */,
			);
			name = Main.storyboard;
			sourceTree = "<group>";
		};
		5B3B29D61B93B08200059F71 /* LaunchScreen.storyboard */ = {
			isa = PBXVariantGroup;
			children = (
				5B3B29D71B93B08200059F71 /* Base */,
			);
			name = LaunchScreen.storyboard;
			sourceTree = "<group>";
		};
/* End PBXVariantGroup section */

/* Begin XCBuildConfiguration section */
		5B3B29F01B93B08200059F71 /* Debug */ = {
			isa = XCBuildConfiguration;
			buildSettings = {
				ALWAYS_SEARCH_USER_PATHS = NO;
				CLANG_CXX_LANGUAGE_STANDARD = "gnu++0x";
				CLANG_CXX_LIBRARY = "libc++";
				CLANG_ENABLE_MODULES = YES;
				CLANG_ENABLE_OBJC_ARC = YES;
				CLANG_WARN_BOOL_CONVERSION = YES;
				CLANG_WARN_CONSTANT_CONVERSION = YES;
				CLANG_WARN_DIRECT_OBJC_ISA_USAGE = YES_ERROR;
				CLANG_WARN_EMPTY_BODY = YES;
				CLANG_WARN_ENUM_CONVERSION = YES;
				CLANG_WARN_INT_CONVERSION = YES;
				CLANG_WARN_OBJC_ROOT_CLASS = YES_ERROR;
				CLANG_WARN_UNREACHABLE_CODE = YES;
				CLANG_WARN__DUPLICATE_METHOD_MATCH = YES;
				"CODE_SIGN_IDENTITY[sdk=iphoneos*]" = "iPhone Developer";
				COPY_PHASE_STRIP = NO;
				DEBUG_INFORMATION_FORMAT = dwarf;
				ENABLE_STRICT_OBJC_MSGSEND = YES;
				ENABLE_TESTABILITY = YES;
				GCC_C_LANGUAGE_STANDARD = gnu99;
				GCC_DYNAMIC_NO_PIC = NO;
				GCC_NO_COMMON_BLOCKS = YES;
				GCC_OPTIMIZATION_LEVEL = 0;
				GCC_PREPROCESSOR_DEFINITIONS = (
					"DEBUG=1",
					"$(inherited)",
				);
				GCC_WARN_64_TO_32_BIT_CONVERSION = YES;
				GCC_WARN_ABOUT_RETURN_TYPE = YES_ERROR;
				GCC_WARN_UNDECLARED_SELECTOR = YES;
				GCC_WARN_UNINITIALIZED_AUTOS = YES_AGGRESSIVE;
				GCC_WARN_UNUSED_FUNCTION = YES;
				GCC_WARN_UNUSED_VARIABLE = YES;
				IPHONEOS_DEPLOYMENT_TARGET = 9.0;
				MTL_ENABLE_DEBUG_INFO = YES;
				ONLY_ACTIVE_ARCH = YES;
				SDKROOT = iphoneos;
			};
			name = Debug;
		};
		5B3B29F11B93B08200059F71 /* Release */ = {
			isa = XCBuildConfiguration;
			buildSettings = {
				ALWAYS_SEARCH_USER_PATHS = NO;
				CLANG_CXX_LANGUAGE_STANDARD = "gnu++0x";
				CLANG_CXX_LIBRARY = "libc++";
				CLANG_ENABLE_MODULES = YES;
				CLANG_ENABLE_OBJC_ARC = YES;
				CLANG_WARN_BOOL_CONVERSION = YES;
				CLANG_WARN_CONSTANT_CONVERSION = YES;
				CLANG_WARN_DIRECT_OBJC_ISA_USAGE = YES_ERROR;
				CLANG_WARN_EMPTY_BODY = YES;
				CLANG_WARN_ENUM_CONVERSION = YES;
				CLANG_WARN_INT_CONVERSION = YES;
				CLANG_WARN_OBJC_ROOT_CLASS = YES_ERROR;
				CLANG_WARN_UNREACHABLE_CODE = YES;
				CLANG_WARN__DUPLICATE_METHOD_MATCH = YES;
				"CODE_SIGN_IDENTITY[sdk=iphoneos*]" = "iPhone Developer";
				COPY_PHASE_STRIP = NO;
				DEBUG_INFORMATION_FORMAT = "dwarf-with-dsym";
				ENABLE_NS_ASSERTIONS = NO;
				ENABLE_STRICT_OBJC_MSGSEND = YES;
				GCC_C_LANGUAGE_STANDARD = gnu99;
				GCC_NO_COMMON_BLOCKS = YES;
				GCC_WARN_64_TO_32_BIT_CONVERSION = YES;
				GCC_WARN_ABOUT_RETURN_TYPE = YES_ERROR;
				GCC_WARN_UNDECLARED_SELECTOR = YES;
				GCC_WARN_UNINITIALIZED_AUTOS = YES_AGGRESSIVE;
				GCC_WARN_UNUSED_FUNCTION = YES;
				GCC_WARN_UNUSED_VARIABLE = YES;
				IPHONEOS_DEPLOYMENT_TARGET = 9.0;
				MTL_ENABLE_DEBUG_INFO = NO;
				SDKROOT = iphoneos;
				VALIDATE_PRODUCT = YES;
			};
			name = Release;
		};
		5B3B29F31B93B08200059F71 /* Debug */ = {
			isa = XCBuildConfiguration;
			buildSettings = {
				ASSETCATALOG_COMPILER_APPICON_NAME = AppIcon;
				INFOPLIST_FILE = CorecVoter/Info.plist;
				LD_RUNPATH_SEARCH_PATHS = "$(inherited) @executable_path/Frameworks";
				PRODUCT_BUNDLE_IDENTIFIER = CorecVoter.CorecVoter;
				PRODUCT_NAME = "$(TARGET_NAME)";
			};
			name = Debug;
		};
		5B3B29F41B93B08200059F71 /* Release */ = {
			isa = XCBuildConfiguration;
			buildSettings = {
				ASSETCATALOG_COMPILER_APPICON_NAME = AppIcon;
				INFOPLIST_FILE = CorecVoter/Info.plist;
				LD_RUNPATH_SEARCH_PATHS = "$(inherited) @executable_path/Frameworks";
				PRODUCT_BUNDLE_IDENTIFIER = CorecVoter.CorecVoter;
				PRODUCT_NAME = "$(TARGET_NAME)";
			};
			name = Release;
		};
		5B3B29F61B93B08200059F71 /* Debug */ = {
			isa = XCBuildConfiguration;
			buildSettings = {
				BUNDLE_LOADER = "$(TEST_HOST)";
				INFOPLIST_FILE = CorecVoterTests/Info.plist;
				LD_RUNPATH_SEARCH_PATHS = "$(inherited) @executable_path/Frameworks @loader_path/Frameworks";
				PRODUCT_BUNDLE_IDENTIFIER = CorecVoter.CorecVoterTests;
				PRODUCT_NAME = "$(TARGET_NAME)";
				TEST_HOST = "$(BUILT_PRODUCTS_DIR)/CorecVoter.app/CorecVoter";
			};
			name = Debug;
		};
		5B3B29F71B93B08200059F71 /* Release */ = {
			isa = XCBuildConfiguration;
			buildSettings = {
				BUNDLE_LOADER = "$(TEST_HOST)";
				INFOPLIST_FILE = CorecVoterTests/Info.plist;
				LD_RUNPATH_SEARCH_PATHS = "$(inherited) @executable_path/Frameworks @loader_path/Frameworks";
				PRODUCT_BUNDLE_IDENTIFIER = CorecVoter.CorecVoterTests;
				PRODUCT_NAME = "$(TARGET_NAME)";
				TEST_HOST = "$(BUILT_PRODUCTS_DIR)/CorecVoter.app/CorecVoter";
			};
			name = Release;
		};
		5B3B29F91B93B08200059F71 /* Debug */ = {
			isa = XCBuildConfiguration;
			buildSettings = {
				INFOPLIST_FILE = CorecVoterUITests/Info.plist;
				LD_RUNPATH_SEARCH_PATHS = "$(inherited) @executable_path/Frameworks @loader_path/Frameworks";
				PRODUCT_BUNDLE_IDENTIFIER = CorecVoter.CorecVoterUITests;
				PRODUCT_NAME = "$(TARGET_NAME)";
				TEST_TARGET_NAME = CorecVoter;
				USES_XCTRUNNER = YES;
			};
			name = Debug;
		};
		5B3B29FA1B93B08200059F71 /* Release */ = {
			isa = XCBuildConfiguration;
			buildSettings = {
				INFOPLIST_FILE = CorecVoterUITests/Info.plist;
				LD_RUNPATH_SEARCH_PATHS = "$(inherited) @executable_path/Frameworks @loader_path/Frameworks";
				PRODUCT_BUNDLE_IDENTIFIER = CorecVoter.CorecVoterUITests;
				PRODUCT_NAME = "$(TARGET_NAME)";
				TEST_TARGET_NAME = CorecVoter;
				USES_XCTRUNNER = YES;
			};
			name = Release;
		};
/* End XCBuildConfiguration section */

/* Begin XCConfigurationList section */
		5B3B29BD1B93B08200059F71 /* Build configuration list for PBXProject "CorecVoter" */ = {
			isa = XCConfigurationList;
			buildConfigurations = (
				5B3B29F01B93B08200059F71 /* Debug */,
				5B3B29F11B93B08200059F71 /* Release */,
			);
			defaultConfigurationIsVisible = 0;
			defaultConfigurationName = Release;
		};
		5B3B29F21B93B08200059F71 /* Build configuration list for PBXNativeTarget "CorecVoter" */ = {
			isa = XCConfigurationList;
			buildConfigurations = (
				5B3B29F31B93B08200059F71 /* Debug */,
				5B3B29F41B93B08200059F71 /* Release */,
			);
			defaultConfigurationIsVisible = 0;
		};
		5B3B29F51B93B08200059F71 /* Build configuration list for PBXNativeTarget "CorecVoterTests" */ = {
			isa = XCConfigurationList;
			buildConfigurations = (
				5B3B29F61B93B08200059F71 /* Debug */,
				5B3B29F71B93B08200059F71 /* Release */,
			);
			defaultConfigurationIsVisible = 0;
		};
		5B3B29F81B93B08200059F71 /* Build configuration list for PBXNativeTarget "CorecVoterUITests" */ = {
			isa = XCConfigurationList;
			buildConfigurations = (
				5B3B29F91B93B08200059F71 /* Debug */,
				5B3B29FA1B93B08200059F71 /* Release */,
			);
			defaultConfigurationIsVisible = 0;
		};
/* End XCConfigurationList section */
	};
	rootObject = 5B3B29BA1B93B08200059F71 /* Project object */;
}
